// !$*UTF8*$!
{
	archiveVersion = 1;
	classes = {
	};
	objectVersion = 46;
	objects = {

/* Begin PBXBuildFile section */
		95205E081936FEB900876FF7 /* StopDetailTableViewController.m in Sources */ = {isa = PBXBuildFile; fileRef = 95205E071936FEB900876FF7 /* StopDetailTableViewController.m */; };
		95205E0C19370EB800876FF7 /* AddressBookUI.framework in Frameworks */ = {isa = PBXBuildFile; fileRef = 95205E0B19370EB800876FF7 /* AddressBookUI.framework */; };
		95555B14193676D300EB4608 /* Foundation.framework in Frameworks */ = {isa = PBXBuildFile; fileRef = 95555B13193676D300EB4608 /* Foundation.framework */; };
		95555B16193676D300EB4608 /* CoreGraphics.framework in Frameworks */ = {isa = PBXBuildFile; fileRef = 95555B15193676D300EB4608 /* CoreGraphics.framework */; };
		95555B18193676D300EB4608 /* UIKit.framework in Frameworks */ = {isa = PBXBuildFile; fileRef = 95555B17193676D300EB4608 /* UIKit.framework */; };
		95555B1E193676D300EB4608 /* InfoPlist.strings in Resources */ = {isa = PBXBuildFile; fileRef = 95555B1C193676D300EB4608 /* InfoPlist.strings */; };
		95555B20193676D300EB4608 /* main.m in Sources */ = {isa = PBXBuildFile; fileRef = 95555B1F193676D300EB4608 /* main.m */; };
		95555B24193676D300EB4608 /* AppDelegate.m in Sources */ = {isa = PBXBuildFile; fileRef = 95555B23193676D300EB4608 /* AppDelegate.m */; };
		95555B27193676D300EB4608 /* Main.storyboard in Resources */ = {isa = PBXBuildFile; fileRef = 95555B25193676D300EB4608 /* Main.storyboard */; };
		95555B2A193676D300EB4608 /* MapStopMainViewController.m in Sources */ = {isa = PBXBuildFile; fileRef = 95555B29193676D300EB4608 /* MapStopMainViewController.m */; };
		95555B2C193676D300EB4608 /* Images.xcassets in Resources */ = {isa = PBXBuildFile; fileRef = 95555B2B193676D300EB4608 /* Images.xcassets */; };
		95555B33193676D300EB4608 /* XCTest.framework in Frameworks */ = {isa = PBXBuildFile; fileRef = 95555B32193676D300EB4608 /* XCTest.framework */; };
		95555B34193676D300EB4608 /* Foundation.framework in Frameworks */ = {isa = PBXBuildFile; fileRef = 95555B13193676D300EB4608 /* Foundation.framework */; };
		95555B35193676D300EB4608 /* UIKit.framework in Frameworks */ = {isa = PBXBuildFile; fileRef = 95555B17193676D300EB4608 /* UIKit.framework */; };
		95555B3D193676D300EB4608 /* InfoPlist.strings in Resources */ = {isa = PBXBuildFile; fileRef = 95555B3B193676D300EB4608 /* InfoPlist.strings */; };
		95555B3F193676D300EB4608 /* MapStopTests.m in Sources */ = {isa = PBXBuildFile; fileRef = 95555B3E193676D300EB4608 /* MapStopTests.m */; };
		95555B4A1936779F00EB4608 /* StopsMap.m in Sources */ = {isa = PBXBuildFile; fileRef = 95555B491936779F00EB4608 /* StopsMap.m */; };
		95555B4D193680FF00EB4608 /* MapKit.framework in Frameworks */ = {isa = PBXBuildFile; fileRef = 95555B4C193680FF00EB4608 /* MapKit.framework */; };
		95555B501936978000EB4608 /* Stop.m in Sources */ = {isa = PBXBuildFile; fileRef = 95555B4F1936978000EB4608 /* Stop.m */; };
/* End PBXBuildFile section */

/* Begin PBXContainerItemProxy section */
		95555B36193676D300EB4608 /* PBXContainerItemProxy */ = {
			isa = PBXContainerItemProxy;
			containerPortal = 95555B08193676D300EB4608 /* Project object */;
			proxyType = 1;
			remoteGlobalIDString = 95555B0F193676D300EB4608;
			remoteInfo = MapStop;
		};
/* End PBXContainerItemProxy section */

/* Begin PBXFileReference section */
		95205E061936FEB900876FF7 /* StopDetailTableViewController.h */ = {isa = PBXFileReference; fileEncoding = 4; lastKnownFileType = sourcecode.c.h; path = StopDetailTableViewController.h; sourceTree = "<group>"; };
		95205E071936FEB900876FF7 /* StopDetailTableViewController.m */ = {isa = PBXFileReference; fileEncoding = 4; lastKnownFileType = sourcecode.c.objc; path = StopDetailTableViewController.m; sourceTree = "<group>"; };
		95205E0919370E5E00876FF7 /* AddressBook.framework */ = {isa = PBXFileReference; lastKnownFileType = wrapper.framework; name = AddressBook.framework; path = System/Library/Frameworks/AddressBook.framework; sourceTree = SDKROOT; };
		95205E0B19370EB800876FF7 /* AddressBookUI.framework */ = {isa = PBXFileReference; lastKnownFileType = wrapper.framework; name = AddressBookUI.framework; path = System/Library/Frameworks/AddressBookUI.framework; sourceTree = SDKROOT; };
		95555B10193676D300EB4608 /* MapStop.app */ = {isa = PBXFileReference; explicitFileType = wrapper.application; includeInIndex = 0; path = MapStop.app; sourceTree = BUILT_PRODUCTS_DIR; };
		95555B13193676D300EB4608 /* Foundation.framework */ = {isa = PBXFileReference; lastKnownFileType = wrapper.framework; name = Foundation.framework; path = System/Library/Frameworks/Foundation.framework; sourceTree = SDKROOT; };
		95555B15193676D300EB4608 /* CoreGraphics.framework */ = {isa = PBXFileReference; lastKnownFileType = wrapper.framework; name = CoreGraphics.framework; path = System/Library/Frameworks/CoreGraphics.framework; sourceTree = SDKROOT; };
		95555B17193676D300EB4608 /* UIKit.framework */ = {isa = PBXFileReference; lastKnownFileType = wrapper.framework; name = UIKit.framework; path = System/Library/Frameworks/UIKit.framework; sourceTree = SDKROOT; };
		95555B1B193676D300EB4608 /* MapStop-Info.plist */ = {isa = PBXFileReference; lastKnownFileType = text.plist.xml; path = "MapStop-Info.plist"; sourceTree = "<group>"; };
		95555B1D193676D300EB4608 /* en */ = {isa = PBXFileReference; lastKnownFileType = text.plist.strings; name = en; path = en.lproj/InfoPlist.strings; sourceTree = "<group>"; };
		95555B1F193676D300EB4608 /* main.m */ = {isa = PBXFileReference; lastKnownFileType = sourcecode.c.objc; path = main.m; sourceTree = "<group>"; };
		95555B21193676D300EB4608 /* MapStop-Prefix.pch */ = {isa = PBXFileReference; lastKnownFileType = sourcecode.c.h; path = "MapStop-Prefix.pch"; sourceTree = "<group>"; };
		95555B22193676D300EB4608 /* AppDelegate.h */ = {isa = PBXFileReference; lastKnownFileType = sourcecode.c.h; path = AppDelegate.h; sourceTree = "<group>"; };
		95555B23193676D300EB4608 /* AppDelegate.m */ = {isa = PBXFileReference; lastKnownFileType = sourcecode.c.objc; path = AppDelegate.m; sourceTree = "<group>"; };
		95555B26193676D300EB4608 /* Base */ = {isa = PBXFileReference; lastKnownFileType = file.storyboard; name = Base; path = Base.lproj/Main.storyboard; sourceTree = "<group>"; };
		95555B28193676D300EB4608 /* MapStopMainViewController.h */ = {isa = PBXFileReference; lastKnownFileType = sourcecode.c.h; path = MapStopMainViewController.h; sourceTree = "<group>"; };
		95555B29193676D300EB4608 /* MapStopMainViewController.m */ = {isa = PBXFileReference; lastKnownFileType = sourcecode.c.objc; path = MapStopMainViewController.m; sourceTree = "<group>"; };
		95555B2B193676D300EB4608 /* Images.xcassets */ = {isa = PBXFileReference; lastKnownFileType = folder.assetcatalog; path = Images.xcassets; sourceTree = "<group>"; };
		95555B31193676D300EB4608 /* MapStopTests.xctest */ = {isa = PBXFileReference; explicitFileType = wrapper.cfbundle; includeInIndex = 0; path = MapStopTests.xctest; sourceTree = BUILT_PRODUCTS_DIR; };
		95555B32193676D300EB4608 /* XCTest.framework */ = {isa = PBXFileReference; lastKnownFileType = wrapper.framework; name = XCTest.framework; path = Library/Frameworks/XCTest.framework; sourceTree = DEVELOPER_DIR; };
		95555B3A193676D300EB4608 /* MapStopTests-Info.plist */ = {isa = PBXFileReference; lastKnownFileType = text.plist.xml; path = "MapStopTests-Info.plist"; sourceTree = "<group>"; };
		95555B3C193676D300EB4608 /* en */ = {isa = PBXFileReference; lastKnownFileType = text.plist.strings; name = en; path = en.lproj/InfoPlist.strings; sourceTree = "<group>"; };
		95555B3E193676D300EB4608 /* MapStopTests.m */ = {isa = PBXFileReference; lastKnownFileType = sourcecode.c.objc; path = MapStopTests.m; sourceTree = "<group>"; };
		95555B481936779F00EB4608 /* StopsMap.h */ = {isa = PBXFileReference; fileEncoding = 4; lastKnownFileType = sourcecode.c.h; path = StopsMap.h; sourceTree = "<group>"; };
		95555B491936779F00EB4608 /* StopsMap.m */ = {isa = PBXFileReference; fileEncoding = 4; lastKnownFileType = sourcecode.c.objc; path = StopsMap.m; sourceTree = "<group>"; };
		95555B4C193680FF00EB4608 /* MapKit.framework */ = {isa = PBXFileReference; lastKnownFileType = wrapper.framework; name = MapKit.framework; path = System/Library/Frameworks/MapKit.framework; sourceTree = SDKROOT; };
		95555B4E1936978000EB4608 /* Stop.h */ = {isa = PBXFileReference; fileEncoding = 4; lastKnownFileType = sourcecode.c.h; path = Stop.h; sourceTree = "<group>"; };
		95555B4F1936978000EB4608 /* Stop.m */ = {isa = PBXFileReference; fileEncoding = 4; lastKnownFileType = sourcecode.c.objc; path = Stop.m; sourceTree = "<group>"; };
/* End PBXFileReference section */

/* Begin PBXFrameworksBuildPhase section */
		95555B0D193676D300EB4608 /* Frameworks */ = {
			isa = PBXFrameworksBuildPhase;
			buildActionMask = 2147483647;
			files = (
				95205E0C19370EB800876FF7 /* AddressBookUI.framework in Frameworks */,
				95555B4D193680FF00EB4608 /* MapKit.framework in Frameworks */,
				95555B16193676D300EB4608 /* CoreGraphics.framework in Frameworks */,
				95555B18193676D300EB4608 /* UIKit.framework in Frameworks */,
				95555B14193676D300EB4608 /* Foundation.framework in Frameworks */,
			);
			runOnlyForDeploymentPostprocessing = 0;
		};
		95555B2E193676D300EB4608 /* Frameworks */ = {
			isa = PBXFrameworksBuildPhase;
			buildActionMask = 2147483647;
			files = (
				95555B33193676D300EB4608 /* XCTest.framework in Frameworks */,
				95555B35193676D300EB4608 /* UIKit.framework in Frameworks */,
				95555B34193676D300EB4608 /* Foundation.framework in Frameworks */,
			);
			runOnlyForDeploymentPostprocessing = 0;
		};
/* End PBXFrameworksBuildPhase section */

/* Begin PBXGroup section */
		95205E011936EC0700876FF7 /* Controller */ = {
			isa = PBXGroup;
			children = (
				95555B28193676D300EB4608 /* MapStopMainViewController.h */,
				95555B29193676D300EB4608 /* MapStopMainViewController.m */,
				95205E061936FEB900876FF7 /* StopDetailTableViewController.h */,
				95205E071936FEB900876FF7 /* StopDetailTableViewController.m */,
			);
			name = Controller;
			sourceTree = "<group>";
		};
		95205E021936EC2300876FF7 /* View */ = {
			isa = PBXGroup;
			children = (
				95555B25193676D300EB4608 /* Main.storyboard */,
			);
			name = View;
			sourceTree = "<group>";
		};
		95555B07193676D300EB4608 = {
			isa = PBXGroup;
			children = (
				95555B19193676D300EB4608 /* MapStop */,
				95555B38193676D300EB4608 /* MapStopTests */,
				95555B12193676D300EB4608 /* Frameworks */,
				95555B11193676D300EB4608 /* Products */,
			);
			sourceTree = "<group>";
		};
		95555B11193676D300EB4608 /* Products */ = {
			isa = PBXGroup;
			children = (
				95555B10193676D300EB4608 /* MapStop.app */,
				95555B31193676D300EB4608 /* MapStopTests.xctest */,
			);
			name = Products;
			sourceTree = "<group>";
		};
		95555B12193676D300EB4608 /* Frameworks */ = {
			isa = PBXGroup;
			children = (
				95205E0B19370EB800876FF7 /* AddressBookUI.framework */,
				95205E0919370E5E00876FF7 /* AddressBook.framework */,
				95555B4C193680FF00EB4608 /* MapKit.framework */,
				95555B13193676D300EB4608 /* Foundation.framework */,
				95555B15193676D300EB4608 /* CoreGraphics.framework */,
				95555B17193676D300EB4608 /* UIKit.framework */,
				95555B32193676D300EB4608 /* XCTest.framework */,
			);
			name = Frameworks;
			sourceTree = "<group>";
		};
		95555B19193676D300EB4608 /* MapStop */ = {
			isa = PBXGroup;
			children = (
				95555B22193676D300EB4608 /* AppDelegate.h */,
				95555B23193676D300EB4608 /* AppDelegate.m */,
				95555B4B193677AA00EB4608 /* Model */,
				95205E021936EC2300876FF7 /* View */,
				95205E011936EC0700876FF7 /* Controller */,
				95555B2B193676D300EB4608 /* Images.xcassets */,
				95555B1A193676D300EB4608 /* Supporting Files */,
			);
			path = MapStop;
			sourceTree = "<group>";
		};
		95555B1A193676D300EB4608 /* Supporting Files */ = {
			isa = PBXGroup;
			children = (
				95555B1B193676D300EB4608 /* MapStop-Info.plist */,
				95555B1C193676D300EB4608 /* InfoPlist.strings */,
				95555B1F193676D300EB4608 /* main.m */,
				95555B21193676D300EB4608 /* MapStop-Prefix.pch */,
			);
			name = "Supporting Files";
			sourceTree = "<group>";
		};
		95555B38193676D300EB4608 /* MapStopTests */ = {
			isa = PBXGroup;
			children = (
				95555B3E193676D300EB4608 /* MapStopTests.m */,
				95555B39193676D300EB4608 /* Supporting Files */,
			);
			path = MapStopTests;
			sourceTree = "<group>";
		};
		95555B39193676D300EB4608 /* Supporting Files */ = {
			isa = PBXGroup;
			children = (
				95555B3A193676D300EB4608 /* MapStopTests-Info.plist */,
				95555B3B193676D300EB4608 /* InfoPlist.strings */,
			);
			name = "Supporting Files";
			sourceTree = "<group>";
		};
		95555B4B193677AA00EB4608 /* Model */ = {
			isa = PBXGroup;
			children = (
				95555B4E1936978000EB4608 /* Stop.h */,
				95555B4F1936978000EB4608 /* Stop.m */,
				95555B481936779F00EB4608 /* StopsMap.h */,
				95555B491936779F00EB4608 /* StopsMap.m */,
			);
			name = Model;
			sourceTree = "<group>";
		};
/* End PBXGroup section */

/* Begin PBXNativeTarget section */
		95555B0F193676D300EB4608 /* MapStop */ = {
			isa = PBXNativeTarget;
			buildConfigurationList = 95555B42193676D300EB4608 /* Build configuration list for PBXNativeTarget "MapStop" */;
			buildPhases = (
				95555B0C193676D300EB4608 /* Sources */,
				95555B0D193676D300EB4608 /* Frameworks */,
				95555B0E193676D300EB4608 /* Resources */,
			);
			buildRules = (
			);
			dependencies = (
			);
			name = MapStop;
			productName = MapStop;
			productReference = 95555B10193676D300EB4608 /* MapStop.app */;
			productType = "com.apple.product-type.application";
		};
		95555B30193676D300EB4608 /* MapStopTests */ = {
			isa = PBXNativeTarget;
			buildConfigurationList = 95555B45193676D300EB4608 /* Build configuration list for PBXNativeTarget "MapStopTests" */;
			buildPhases = (
				95555B2D193676D300EB4608 /* Sources */,
				95555B2E193676D300EB4608 /* Frameworks */,
				95555B2F193676D300EB4608 /* Resources */,
			);
			buildRules = (
			);
			dependencies = (
				95555B37193676D300EB4608 /* PBXTargetDependency */,
			);
			name = MapStopTests;
			productName = MapStopTests;
			productReference = 95555B31193676D300EB4608 /* MapStopTests.xctest */;
			productType = "com.apple.product-type.bundle.unit-test";
		};
/* End PBXNativeTarget section */

/* Begin PBXProject section */
		95555B08193676D300EB4608 /* Project object */ = {
			isa = PBXProject;
			attributes = {
				LastUpgradeCheck = 0510;
				ORGANIZATIONNAME = "Appivot LLC";
				TargetAttributes = {
					95555B30193676D300EB4608 = {
						TestTargetID = 95555B0F193676D300EB4608;
					};
				};
			};
			buildConfigurationList = 95555B0B193676D300EB4608 /* Build configuration list for PBXProject "MapStop" */;
			compatibilityVersion = "Xcode 3.2";
			developmentRegion = English;
			hasScannedForEncodings = 0;
			knownRegions = (
				en,
				Base,
			);
			mainGroup = 95555B07193676D300EB4608;
			productRefGroup = 95555B11193676D300EB4608 /* Products */;
			projectDirPath = "";
			projectRoot = "";
			targets = (
				95555B0F193676D300EB4608 /* MapStop */,
				95555B30193676D300EB4608 /* MapStopTests */,
			);
		};
/* End PBXProject section */

/* Begin PBXResourcesBuildPhase section */
		95555B0E193676D300EB4608 /* Resources */ = {
			isa = PBXResourcesBuildPhase;
			buildActionMask = 2147483647;
			files = (
				95555B2C193676D300EB4608 /* Images.xcassets in Resources */,
				95555B1E193676D300EB4608 /* InfoPlist.strings in Resources */,
				95555B27193676D300EB4608 /* Main.storyboard in Resources */,
			);
			runOnlyForDeploymentPostprocessing = 0;
		};
		95555B2F193676D300EB4608 /* Resources */ = {
			isa = PBXResourcesBuildPhase;
			buildActionMask = 2147483647;
			files = (
				95555B3D193676D300EB4608 /* InfoPlist.strings in Resources */,
			);
			runOnlyForDeploymentPostprocessing = 0;
		};
/* End PBXResourcesBuildPhase section */

/* Begin PBXSourcesBuildPhase section */
		95555B0C193676D300EB4608 /* Sources */ = {
			isa = PBXSourcesBuildPhase;
			buildActionMask = 2147483647;
			files = (
				95555B501936978000EB4608 /* Stop.m in Sources */,
				95205E081936FEB900876FF7 /* StopDetailTableViewController.m in Sources */,
				95555B4A1936779F00EB4608 /* StopsMap.m in Sources */,
				95555B2A193676D300EB4608 /* MapStopMainViewController.m in Sources */,
				95555B24193676D300EB4608 /* AppDelegate.m in Sources */,
				95555B20193676D300EB4608 /* main.m in Sources */,
			);
			runOnlyForDeploymentPostprocessing = 0;
		};
		95555B2D193676D300EB4608 /* Sources */ = {
			isa = PBXSourcesBuildPhase;
			buildActionMask = 2147483647;
			files = (
				95555B3F193676D300EB4608 /* MapStopTests.m in Sources */,
			);
			runOnlyForDeploymentPostprocessing = 0;
		};
/* End PBXSourcesBuildPhase section */

/* Begin PBXTargetDependency section */
		95555B37193676D300EB4608 /* PBXTargetDependency */ = {
			isa = PBXTargetDependency;
			target = 95555B0F193676D300EB4608 /* MapStop */;
			targetProxy = 95555B36193676D300EB4608 /* PBXContainerItemProxy */;
		};
/* End PBXTargetDependency section */

/* Begin PBXVariantGroup section */
		95555B1C193676D300EB4608 /* InfoPlist.strings */ = {
			isa = PBXVariantGroup;
			children = (
				95555B1D193676D300EB4608 /* en */,
			);
			name = InfoPlist.strings;
			sourceTree = "<group>";
		};
		95555B25193676D300EB4608 /* Main.storyboard */ = {
			isa = PBXVariantGroup;
			children = (
				95555B26193676D300EB4608 /* Base */,
			);
			name = Main.storyboard;
			sourceTree = "<group>";
		};
		95555B3B193676D300EB4608 /* InfoPlist.strings */ = {
			isa = PBXVariantGroup;
			children = (
				95555B3C193676D300EB4608 /* en */,
			);
			name = InfoPlist.strings;
			sourceTree = "<group>";
		};
/* End PBXVariantGroup section */

/* Begin XCBuildConfiguration section */
		95555B40193676D300EB4608 /* Debug */ = {
			isa = XCBuildConfiguration;
			buildSettings = {
				ALWAYS_SEARCH_USER_PATHS = NO;
				CLANG_CXX_LANGUAGE_STANDARD = "gnu++0x";
				CLANG_CXX_LIBRARY = "libc++";
				CLANG_ENABLE_MODULES = YES;
				CLANG_ENABLE_OBJC_ARC = YES;
				CLANG_WARN_BOOL_CONVERSION = YES;
				CLANG_WARN_CONSTANT_CONVERSION = YES;
				CLANG_WARN_DIRECT_OBJC_ISA_USAGE = YES_ERROR;
				CLANG_WARN_EMPTY_BODY = YES;
				CLANG_WARN_ENUM_CONVERSION = YES;
				CLANG_WARN_INT_CONVERSION = YES;
				CLANG_WARN_OBJC_ROOT_CLASS = YES_ERROR;
				CLANG_WARN__DUPLICATE_METHOD_MATCH = YES;
				"CODE_SIGN_IDENTITY[sdk=iphoneos*]" = "";
				COPY_PHASE_STRIP = NO;
				GCC_C_LANGUAGE_STANDARD = gnu99;
				GCC_DYNAMIC_NO_PIC = NO;
				GCC_OPTIMIZATION_LEVEL = 0;
				GCC_PREPROCESSOR_DEFINITIONS = (
					"DEBUG=1",
					"$(inherited)",
				);
				GCC_SYMBOLS_PRIVATE_EXTERN = NO;
				GCC_WARN_64_TO_32_BIT_CONVERSION = YES;
				GCC_WARN_ABOUT_RETURN_TYPE = YES_ERROR;
				GCC_WARN_UNDECLARED_SELECTOR = YES;
				GCC_WARN_UNINITIALIZED_AUTOS = YES_AGGRESSIVE;
				GCC_WARN_UNUSED_FUNCTION = YES;
				GCC_WARN_UNUSED_VARIABLE = YES;
				IPHONEOS_DEPLOYMENT_TARGET = 7.1;
				ONLY_ACTIVE_ARCH = YES;
				SDKROOT = iphoneos;
			};
			name = Debug;
		};
		95555B41193676D300EB4608 /* Release */ = {
			isa = XCBuildConfiguration;
			buildSettings = {
				ALWAYS_SEARCH_USER_PATHS = NO;
				CLANG_CXX_LANGUAGE_STANDARD = "gnu++0x";
				CLANG_CXX_LIBRARY = "libc++";
				CLANG_ENABLE_MODULES = YES;
				CLANG_ENABLE_OBJC_ARC = YES;
				CLANG_WARN_BOOL_CONVERSION = YES;
				CLANG_WARN_CONSTANT_CONVERSION = YES;
				CLANG_WARN_DIRECT_OBJC_ISA_USAGE = YES_ERROR;
				CLANG_WARN_EMPTY_BODY = YES;
				CLANG_WARN_ENUM_CONVERSION = YES;
				CLANG_WARN_INT_CONVERSION = YES;
				CLANG_WARN_OBJC_ROOT_CLASS = YES_ERROR;
				CLANG_WARN__DUPLICATE_METHOD_MATCH = YES;
				"CODE_SIGN_IDENTITY[sdk=iphoneos*]" = "";
				COPY_PHASE_STRIP = YES;
				ENABLE_NS_ASSERTIONS = NO;
				GCC_C_LANGUAGE_STANDARD = gnu99;
				GCC_WARN_64_TO_32_BIT_CONVERSION = YES;
				GCC_WARN_ABOUT_RETURN_TYPE = YES_ERROR;
				GCC_WARN_UNDECLARED_SELECTOR = YES;
				GCC_WARN_UNINITIALIZED_AUTOS = YES_AGGRESSIVE;
				GCC_WARN_UNUSED_FUNCTION = YES;
				GCC_WARN_UNUSED_VARIABLE = YES;
				IPHONEOS_DEPLOYMENT_TARGET = 7.1;
				SDKROOT = iphoneos;
				VALIDATE_PRODUCT = YES;
			};
			name = Release;
		};
		95555B43193676D300EB4608 /* Debug */ = {
			isa = XCBuildConfiguration;
			buildSettings = {
				ASSETCATALOG_COMPILER_APPICON_NAME = AppIcon;
				ASSETCATALOG_COMPILER_LAUNCHIMAGE_NAME = LaunchImage;
				"CODE_SIGN_IDENTITY[sdk=iphoneos*]" = "";
				FRAMEWORK_SEARCH_PATHS = (
					"$(inherited)",
					/Users/Dennis/Downloads,
				);
				GCC_PRECOMPILE_PREFIX_HEADER = YES;
				GCC_PREFIX_HEADER = "MapStop/MapStop-Prefix.pch";
				INFOPLIST_FILE = "MapStop/MapStop-Info.plist";
				PRODUCT_NAME = "$(TARGET_NAME)";
				WRAPPER_EXTENSION = app;
			};
			name = Debug;
		};
		95555B44193676D300EB4608 /* Release */ = {
			isa = XCBuildConfiguration;
			buildSettings = {
				ASSETCATALOG_COMPILER_APPICON_NAME = AppIcon;
				ASSETCATALOG_COMPILER_LAUNCHIMAGE_NAME = LaunchImage;
				"CODE_SIGN_IDENTITY[sdk=iphoneos*]" = "";
				FRAMEWORK_SEARCH_PATHS = (
					"$(inherited)",
					/Users/Dennis/Downloads,
				);
				GCC_PRECOMPILE_PREFIX_HEADER = YES;
				GCC_PREFIX_HEADER = "MapStop/MapStop-Prefix.pch";
				INFOPLIST_FILE = "MapStop/MapStop-Info.plist";
				PRODUCT_NAME = "$(TARGET_NAME)";
				WRAPPER_EXTENSION = app;
			};
			name = Release;
		};
		95555B46193676D300EB4608 /* Debug */ = {
			isa = XCBuildConfiguration;
			buildSettings = {
				BUNDLE_LOADER = "$(BUILT_PRODUCTS_DIR)/MapStop.app/MapStop";
				FRAMEWORK_SEARCH_PATHS = (
					"$(SDKROOT)/Developer/Library/Frameworks",
					"$(inherited)",
					"$(DEVELOPER_FRAMEWORKS_DIR)",
				);
				GCC_PRECOMPILE_PREFIX_HEADER = YES;
				GCC_PREFIX_HEADER = "MapStop/MapStop-Prefix.pch";
				GCC_PREPROCESSOR_DEFINITIONS = (
					"DEBUG=1",
					"$(inherited)",
				);
				INFOPLIST_FILE = "MapStopTests/MapStopTests-Info.plist";
				PRODUCT_NAME = "$(TARGET_NAME)";
				TEST_HOST = "$(BUNDLE_LOADER)";
				WRAPPER_EXTENSION = xctest;
			};
			name = Debug;
		};
		95555B47193676D300EB4608 /* Release */ = {
			isa = XCBuildConfiguration;
			buildSettings = {
				BUNDLE_LOADER = "$(BUILT_PRODUCTS_DIR)/MapStop.app/MapStop";
				FRAMEWORK_SEARCH_PATHS = (
					"$(SDKROOT)/Developer/Library/Frameworks",
					"$(inherited)",
					"$(DEVELOPER_FRAMEWORKS_DIR)",
				);
				GCC_PRECOMPILE_PREFIX_HEADER = YES;
				GCC_PREFIX_HEADER = "MapStop/MapStop-Prefix.pch";
				INFOPLIST_FILE = "MapStopTests/MapStopTests-Info.plist";
				PRODUCT_NAME = "$(TARGET_NAME)";
				TEST_HOST = "$(BUNDLE_LOADER)";
				WRAPPER_EXTENSION = xctest;
			};
			name = Release;
		};
/* End XCBuildConfiguration section */

/* Begin XCConfigurationList section */
		95555B0B193676D300EB4608 /* Build configuration list for PBXProject "MapStop" */ = {
			isa = XCConfigurationList;
			buildConfigurations = (
				95555B40193676D300EB4608 /* Debug */,
				95555B41193676D300EB4608 /* Release */,
			);
			defaultConfigurationIsVisible = 0;
			defaultConfigurationName = Release;
		};
		95555B42193676D300EB4608 /* Build configuration list for PBXNativeTarget "MapStop" */ = {
			isa = XCConfigurationList;
			buildConfigurations = (
				95555B43193676D300EB4608 /* Debug */,
				95555B44193676D300EB4608 /* Release */,
			);
			defaultConfigurationIsVisible = 0;
			defaultConfigurationName = Release;
		};
		95555B45193676D300EB4608 /* Build configuration list for PBXNativeTarget "MapStopTests" */ = {
			isa = XCConfigurationList;
			buildConfigurations = (
				95555B46193676D300EB4608 /* Debug */,
				95555B47193676D300EB4608 /* Release */,
			);
			defaultConfigurationIsVisible = 0;
			defaultConfigurationName = Release;
		};
/* End XCConfigurationList section */
	};
	rootObject = 95555B08193676D300EB4608 /* Project object */;
}
